<Solution>
  <Folder Name="/Settings/">
    <File Path="Tienda.API/routes-api.json" />
  </Folder>
  <Project Path="Tienda.API/Tienda.API.csproj" />
  <Project Path="Tienda.Application/Tienda.Application.csproj" />
  <Project Path="Tienda.Domain/Tienda.Domain.csproj" />
  <Project Path="Tienda.Infrastructure/Tienda.Infrastructure.csproj" />
</Solution>
